// !$*UTF8*$!
{
	archiveVersion = 1;
	classes = {
	};
	objectVersion = 56;
	objects = {

/* Begin PBXBuildFile section */
		070D505F2BA0AA5E003A90B2 /* openapi-generator-config.yaml in Resources */ = {isa = PBXBuildFile; fileRef = 070D505E2BA0AA5E003A90B2 /* openapi-generator-config.yaml */; };
		07493AC92BA5E006000281E7 /* Resources.swift in Sources */ = {isa = PBXBuildFile; fileRef = 07493AC82BA5E006000281E7 /* Resources.swift */; };
		07493ACC2BA5E091000281E7 /* NetworkClient.swift in Sources */ = {isa = PBXBuildFile; fileRef = 07493ACB2BA5E091000281E7 /* NetworkClient.swift */; };
		07493ACE2BA5E0CA000281E7 /* NetworkClientProtocol.swift in Sources */ = {isa = PBXBuildFile; fileRef = 07493ACD2BA5E0CA000281E7 /* NetworkClientProtocol.swift */; };
		07493ADA2BA5E808000281E7 /* OpenAPIRuntime in Frameworks */ = {isa = PBXBuildFile; productRef = 07493AD92BA5E808000281E7 /* OpenAPIRuntime */; };
		07493ADD2BA5E812000281E7 /* OpenAPIURLSession in Frameworks */ = {isa = PBXBuildFile; productRef = 07493ADC2BA5E812000281E7 /* OpenAPIURLSession */; };
		07493ADF2BA5E931000281E7 /* openapi.yaml in Resources */ = {isa = PBXBuildFile; fileRef = 07493ADE2BA5E931000281E7 /* openapi.yaml */; };
		07EB612A2B94861400407959 /* TravelScheduleApp.swift in Sources */ = {isa = PBXBuildFile; fileRef = 07EB61292B94861400407959 /* TravelScheduleApp.swift */; };
		07EB612C2B94861400407959 /* ContentView.swift in Sources */ = {isa = PBXBuildFile; fileRef = 07EB612B2B94861400407959 /* ContentView.swift */; };
		07EB612E2B94861600407959 /* Assets.xcassets in Resources */ = {isa = PBXBuildFile; fileRef = 07EB612D2B94861600407959 /* Assets.xcassets */; };
		07EB61312B94861600407959 /* Preview Assets.xcassets in Resources */ = {isa = PBXBuildFile; fileRef = 07EB61302B94861600407959 /* Preview Assets.xcassets */; };
/* End PBXBuildFile section */

/* Begin PBXFileReference section */
		070D505E2BA0AA5E003A90B2 /* openapi-generator-config.yaml */ = {isa = PBXFileReference; lastKnownFileType = text.yaml; path = "openapi-generator-config.yaml"; sourceTree = "<group>"; };
		07493AC82BA5E006000281E7 /* Resources.swift */ = {isa = PBXFileReference; lastKnownFileType = sourcecode.swift; path = Resources.swift; sourceTree = "<group>"; };
		07493ACB2BA5E091000281E7 /* NetworkClient.swift */ = {isa = PBXFileReference; lastKnownFileType = sourcecode.swift; path = NetworkClient.swift; sourceTree = "<group>"; };
		07493ACD2BA5E0CA000281E7 /* NetworkClientProtocol.swift */ = {isa = PBXFileReference; lastKnownFileType = sourcecode.swift; path = NetworkClientProtocol.swift; sourceTree = "<group>"; };
		07493ADE2BA5E931000281E7 /* openapi.yaml */ = {isa = PBXFileReference; lastKnownFileType = text.yaml; path = openapi.yaml; sourceTree = "<group>"; };
		07EB61262B94861400407959 /* TravelSchedule.app */ = {isa = PBXFileReference; explicitFileType = wrapper.application; includeInIndex = 0; path = TravelSchedule.app; sourceTree = BUILT_PRODUCTS_DIR; };
		07EB61292B94861400407959 /* TravelScheduleApp.swift */ = {isa = PBXFileReference; lastKnownFileType = sourcecode.swift; path = TravelScheduleApp.swift; sourceTree = "<group>"; };
		07EB612B2B94861400407959 /* ContentView.swift */ = {isa = PBXFileReference; lastKnownFileType = sourcecode.swift; path = ContentView.swift; sourceTree = "<group>"; };
		07EB612D2B94861600407959 /* Assets.xcassets */ = {isa = PBXFileReference; lastKnownFileType = folder.assetcatalog; path = Assets.xcassets; sourceTree = "<group>"; };
		07EB61302B94861600407959 /* Preview Assets.xcassets */ = {isa = PBXFileReference; lastKnownFileType = folder.assetcatalog; path = "Preview Assets.xcassets"; sourceTree = "<group>"; };
/* End PBXFileReference section */

/* Begin PBXFrameworksBuildPhase section */
		07EB61232B94861400407959 /* Frameworks */ = {
			isa = PBXFrameworksBuildPhase;
			buildActionMask = 2147483647;
			files = (
				07493ADD2BA5E812000281E7 /* OpenAPIURLSession in Frameworks */,
				07493ADA2BA5E808000281E7 /* OpenAPIRuntime in Frameworks */,
			);
			runOnlyForDeploymentPostprocessing = 0;
		};
/* End PBXFrameworksBuildPhase section */

/* Begin PBXGroup section */
		07493AC52BA5DF9F000281E7 /* Generated */ = {
			isa = PBXGroup;
			children = (
				07493ADE2BA5E931000281E7 /* openapi.yaml */,
				070D505E2BA0AA5E003A90B2 /* openapi-generator-config.yaml */,
			);
			path = Generated;
			sourceTree = "<group>";
		};
		07493AC72BA5DFD0000281E7 /* Resources */ = {
			isa = PBXGroup;
			children = (
				07493AC82BA5E006000281E7 /* Resources.swift */,
			);
			path = Resources;
			sourceTree = "<group>";
		};
		07493ACA2BA5E067000281E7 /* Services */ = {
			isa = PBXGroup;
			children = (
				07493ACD2BA5E0CA000281E7 /* NetworkClientProtocol.swift */,
				07493ACB2BA5E091000281E7 /* NetworkClient.swift */,
			);
			path = Services;
			sourceTree = "<group>";
		};
		07EB611D2B94861400407959 = {
			isa = PBXGroup;
			children = (
				07EB61282B94861400407959 /* TravelSchedule */,
				07EB61272B94861400407959 /* Products */,
			);
			sourceTree = "<group>";
		};
		07EB61272B94861400407959 /* Products */ = {
			isa = PBXGroup;
			children = (
				07EB61262B94861400407959 /* TravelSchedule.app */,
			);
			name = Products;
			sourceTree = "<group>";
		};
		07EB61282B94861400407959 /* TravelSchedule */ = {
			isa = PBXGroup;
			children = (
				07EB61292B94861400407959 /* TravelScheduleApp.swift */,
				07EB612B2B94861400407959 /* ContentView.swift */,
				07493ACA2BA5E067000281E7 /* Services */,
				07493AC72BA5DFD0000281E7 /* Resources */,
				07493AC52BA5DF9F000281E7 /* Generated */,
				07EB612D2B94861600407959 /* Assets.xcassets */,
				07EB612F2B94861600407959 /* Preview Content */,
			);
			path = TravelSchedule;
			sourceTree = "<group>";
		};
		07EB612F2B94861600407959 /* Preview Content */ = {
			isa = PBXGroup;
			children = (
				07EB61302B94861600407959 /* Preview Assets.xcassets */,
			);
			path = "Preview Content";
			sourceTree = "<group>";
		};
/* End PBXGroup section */

/* Begin PBXNativeTarget section */
		07EB61252B94861400407959 /* TravelSchedule */ = {
			isa = PBXNativeTarget;
			buildConfigurationList = 07EB61342B94861600407959 /* Build configuration list for PBXNativeTarget "TravelSchedule" */;
			buildPhases = (
				07EB61222B94861400407959 /* Sources */,
				07EB61232B94861400407959 /* Frameworks */,
				07EB61242B94861400407959 /* Resources */,
			);
			buildRules = (
			);
			dependencies = (
				07493AC42BA5DBF3000281E7 /* PBXTargetDependency */,
			);
			name = TravelSchedule;
			packageProductDependencies = (
				07493AD92BA5E808000281E7 /* OpenAPIRuntime */,
				07493ADC2BA5E812000281E7 /* OpenAPIURLSession */,
			);
			productName = TravelSchedule;
			productReference = 07EB61262B94861400407959 /* TravelSchedule.app */;
			productType = "com.apple.product-type.application";
		};
/* End PBXNativeTarget section */

/* Begin PBXProject section */
		07EB611E2B94861400407959 /* Project object */ = {
			isa = PBXProject;
			attributes = {
				BuildIndependentTargetsInParallel = 1;
				LastSwiftUpdateCheck = 1520;
				LastUpgradeCheck = 1520;
				TargetAttributes = {
					07EB61252B94861400407959 = {
						CreatedOnToolsVersion = 15.2;
					};
				};
			};
			buildConfigurationList = 07EB61212B94861400407959 /* Build configuration list for PBXProject "TravelSchedule" */;
			compatibilityVersion = "Xcode 14.0";
			developmentRegion = en;
			hasScannedForEncodings = 0;
			knownRegions = (
				en,
				Base,
			);
			mainGroup = 07EB611D2B94861400407959;
			packageReferences = (
				07493AD32BA5E7FC000281E7 /* XCRemoteSwiftPackageReference "swift-openapi-generator" */,
				07493AD82BA5E808000281E7 /* XCRemoteSwiftPackageReference "swift-openapi-runtime" */,
				07493ADB2BA5E812000281E7 /* XCRemoteSwiftPackageReference "swift-openapi-urlsession" */,
			);
			productRefGroup = 07EB61272B94861400407959 /* Products */;
			projectDirPath = "";
			projectRoot = "";
			targets = (
				07EB61252B94861400407959 /* TravelSchedule */,
			);
		};
/* End PBXProject section */

/* Begin PBXResourcesBuildPhase section */
		07EB61242B94861400407959 /* Resources */ = {
			isa = PBXResourcesBuildPhase;
			buildActionMask = 2147483647;
			files = (
				07EB61312B94861600407959 /* Preview Assets.xcassets in Resources */,
				070D505F2BA0AA5E003A90B2 /* openapi-generator-config.yaml in Resources */,
				07EB612E2B94861600407959 /* Assets.xcassets in Resources */,
				07493ADF2BA5E931000281E7 /* openapi.yaml in Resources */,
			);
			runOnlyForDeploymentPostprocessing = 0;
		};
/* End PBXResourcesBuildPhase section */

/* Begin PBXSourcesBuildPhase section */
		07EB61222B94861400407959 /* Sources */ = {
			isa = PBXSourcesBuildPhase;
			buildActionMask = 2147483647;
			files = (
				07493ACC2BA5E091000281E7 /* NetworkClient.swift in Sources */,
				07493AC92BA5E006000281E7 /* Resources.swift in Sources */,
				07EB612C2B94861400407959 /* ContentView.swift in Sources */,
				07EB612A2B94861400407959 /* TravelScheduleApp.swift in Sources */,
				07493ACE2BA5E0CA000281E7 /* NetworkClientProtocol.swift in Sources */,
			);
			runOnlyForDeploymentPostprocessing = 0;
		};
/* End PBXSourcesBuildPhase section */

/* Begin PBXTargetDependency section */
		07493AC42BA5DBF3000281E7 /* PBXTargetDependency */ = {
			isa = PBXTargetDependency;
			productRef = 07493AC32BA5DBF3000281E7 /* OpenAPIGenerator */;
		};
/* End PBXTargetDependency section */

/* Begin XCBuildConfiguration section */
		07EB61322B94861600407959 /* Debug */ = {
			isa = XCBuildConfiguration;
			buildSettings = {
				ALWAYS_SEARCH_USER_PATHS = NO;
				ASSETCATALOG_COMPILER_GENERATE_SWIFT_ASSET_SYMBOL_EXTENSIONS = YES;
				CLANG_ANALYZER_NONNULL = YES;
				CLANG_ANALYZER_NUMBER_OBJECT_CONVERSION = YES_AGGRESSIVE;
				CLANG_CXX_LANGUAGE_STANDARD = "gnu++20";
				CLANG_ENABLE_MODULES = YES;
				CLANG_ENABLE_OBJC_ARC = YES;
				CLANG_ENABLE_OBJC_WEAK = YES;
				CLANG_WARN_BLOCK_CAPTURE_AUTORELEASING = YES;
				CLANG_WARN_BOOL_CONVERSION = YES;
				CLANG_WARN_COMMA = YES;
				CLANG_WARN_CONSTANT_CONVERSION = YES;
				CLANG_WARN_DEPRECATED_OBJC_IMPLEMENTATIONS = YES;
				CLANG_WARN_DIRECT_OBJC_ISA_USAGE = YES_ERROR;
				CLANG_WARN_DOCUMENTATION_COMMENTS = YES;
				CLANG_WARN_EMPTY_BODY = YES;
				CLANG_WARN_ENUM_CONVERSION = YES;
				CLANG_WARN_INFINITE_RECURSION = YES;
				CLANG_WARN_INT_CONVERSION = YES;
				CLANG_WARN_NON_LITERAL_NULL_CONVERSION = YES;
				CLANG_WARN_OBJC_IMPLICIT_RETAIN_SELF = YES;
				CLANG_WARN_OBJC_LITERAL_CONVERSION = YES;
				CLANG_WARN_OBJC_ROOT_CLASS = YES_ERROR;
				CLANG_WARN_QUOTED_INCLUDE_IN_FRAMEWORK_HEADER = YES;
				CLANG_WARN_RANGE_LOOP_ANALYSIS = YES;
				CLANG_WARN_STRICT_PROTOTYPES = YES;
				CLANG_WARN_SUSPICIOUS_MOVE = YES;
				CLANG_WARN_UNGUARDED_AVAILABILITY = YES_AGGRESSIVE;
				CLANG_WARN_UNREACHABLE_CODE = YES;
				CLANG_WARN__DUPLICATE_METHOD_MATCH = YES;
				COPY_PHASE_STRIP = NO;
				DEBUG_INFORMATION_FORMAT = dwarf;
				ENABLE_STRICT_OBJC_MSGSEND = YES;
				ENABLE_TESTABILITY = YES;
				ENABLE_USER_SCRIPT_SANDBOXING = YES;
				GCC_C_LANGUAGE_STANDARD = gnu17;
				GCC_DYNAMIC_NO_PIC = NO;
				GCC_NO_COMMON_BLOCKS = YES;
				GCC_OPTIMIZATION_LEVEL = 0;
				GCC_PREPROCESSOR_DEFINITIONS = (
					"DEBUG=1",
					"$(inherited)",
				);
				GCC_WARN_64_TO_32_BIT_CONVERSION = YES;
				GCC_WARN_ABOUT_RETURN_TYPE = YES_ERROR;
				GCC_WARN_UNDECLARED_SELECTOR = YES;
				GCC_WARN_UNINITIALIZED_AUTOS = YES_AGGRESSIVE;
				GCC_WARN_UNUSED_FUNCTION = YES;
				GCC_WARN_UNUSED_VARIABLE = YES;
				IPHONEOS_DEPLOYMENT_TARGET = 17.2;
				LOCALIZATION_PREFERS_STRING_CATALOGS = YES;
				MTL_ENABLE_DEBUG_INFO = INCLUDE_SOURCE;
				MTL_FAST_MATH = YES;
				ONLY_ACTIVE_ARCH = YES;
				SDKROOT = iphoneos;
				SWIFT_ACTIVE_COMPILATION_CONDITIONS = "DEBUG $(inherited)";
				SWIFT_OPTIMIZATION_LEVEL = "-Onone";
			};
			name = Debug;
		};
		07EB61332B94861600407959 /* Release */ = {
			isa = XCBuildConfiguration;
			buildSettings = {
				ALWAYS_SEARCH_USER_PATHS = NO;
				ASSETCATALOG_COMPILER_GENERATE_SWIFT_ASSET_SYMBOL_EXTENSIONS = YES;
				CLANG_ANALYZER_NONNULL = YES;
				CLANG_ANALYZER_NUMBER_OBJECT_CONVERSION = YES_AGGRESSIVE;
				CLANG_CXX_LANGUAGE_STANDARD = "gnu++20";
				CLANG_ENABLE_MODULES = YES;
				CLANG_ENABLE_OBJC_ARC = YES;
				CLANG_ENABLE_OBJC_WEAK = YES;
				CLANG_WARN_BLOCK_CAPTURE_AUTORELEASING = YES;
				CLANG_WARN_BOOL_CONVERSION = YES;
				CLANG_WARN_COMMA = YES;
				CLANG_WARN_CONSTANT_CONVERSION = YES;
				CLANG_WARN_DEPRECATED_OBJC_IMPLEMENTATIONS = YES;
				CLANG_WARN_DIRECT_OBJC_ISA_USAGE = YES_ERROR;
				CLANG_WARN_DOCUMENTATION_COMMENTS = YES;
				CLANG_WARN_EMPTY_BODY = YES;
				CLANG_WARN_ENUM_CONVERSION = YES;
				CLANG_WARN_INFINITE_RECURSION = YES;
				CLANG_WARN_INT_CONVERSION = YES;
				CLANG_WARN_NON_LITERAL_NULL_CONVERSION = YES;
				CLANG_WARN_OBJC_IMPLICIT_RETAIN_SELF = YES;
				CLANG_WARN_OBJC_LITERAL_CONVERSION = YES;
				CLANG_WARN_OBJC_ROOT_CLASS = YES_ERROR;
				CLANG_WARN_QUOTED_INCLUDE_IN_FRAMEWORK_HEADER = YES;
				CLANG_WARN_RANGE_LOOP_ANALYSIS = YES;
				CLANG_WARN_STRICT_PROTOTYPES = YES;
				CLANG_WARN_SUSPICIOUS_MOVE = YES;
				CLANG_WARN_UNGUARDED_AVAILABILITY = YES_AGGRESSIVE;
				CLANG_WARN_UNREACHABLE_CODE = YES;
				CLANG_WARN__DUPLICATE_METHOD_MATCH = YES;
				COPY_PHASE_STRIP = NO;
				DEBUG_INFORMATION_FORMAT = "dwarf-with-dsym";
				ENABLE_NS_ASSERTIONS = NO;
				ENABLE_STRICT_OBJC_MSGSEND = YES;
				ENABLE_USER_SCRIPT_SANDBOXING = YES;
				GCC_C_LANGUAGE_STANDARD = gnu17;
				GCC_NO_COMMON_BLOCKS = YES;
				GCC_WARN_64_TO_32_BIT_CONVERSION = YES;
				GCC_WARN_ABOUT_RETURN_TYPE = YES_ERROR;
				GCC_WARN_UNDECLARED_SELECTOR = YES;
				GCC_WARN_UNINITIALIZED_AUTOS = YES_AGGRESSIVE;
				GCC_WARN_UNUSED_FUNCTION = YES;
				GCC_WARN_UNUSED_VARIABLE = YES;
				IPHONEOS_DEPLOYMENT_TARGET = 17.2;
				LOCALIZATION_PREFERS_STRING_CATALOGS = YES;
				MTL_ENABLE_DEBUG_INFO = NO;
				MTL_FAST_MATH = YES;
				SDKROOT = iphoneos;
				SWIFT_COMPILATION_MODE = wholemodule;
				VALIDATE_PRODUCT = YES;
			};
			name = Release;
		};
		07EB61352B94861600407959 /* Debug */ = {
			isa = XCBuildConfiguration;
			buildSettings = {
				ASSETCATALOG_COMPILER_APPICON_NAME = AppIcon;
				ASSETCATALOG_COMPILER_GLOBAL_ACCENT_COLOR_NAME = AccentColor;
				CODE_SIGN_STYLE = Automatic;
				CURRENT_PROJECT_VERSION = 1;
				DEVELOPMENT_ASSET_PATHS = "\"TravelSchedule/Preview Content\"";
				DEVELOPMENT_TEAM = 6FKSY32YRW;
				ENABLE_PREVIEWS = YES;
				GENERATE_INFOPLIST_FILE = YES;
				INFOPLIST_KEY_UIApplicationSceneManifest_Generation = YES;
				INFOPLIST_KEY_UIApplicationSupportsIndirectInputEvents = YES;
				INFOPLIST_KEY_UILaunchScreen_Generation = YES;
				INFOPLIST_KEY_UISupportedInterfaceOrientations = UIInterfaceOrientationPortrait;
				INFOPLIST_KEY_UISupportedInterfaceOrientations_iPad = "UIInterfaceOrientationLandscapeLeft UIInterfaceOrientationLandscapeRight UIInterfaceOrientationPortrait UIInterfaceOrientationPortraitUpsideDown";
				IPHONEOS_DEPLOYMENT_TARGET = 15.0;
				LD_RUNPATH_SEARCH_PATHS = (
					"$(inherited)",
					"@executable_path/Frameworks",
				);
				MARKETING_VERSION = 1.0;
				PRODUCT_BUNDLE_IDENTIFIER = ru.d1mon227.TravelSchedule;
				PRODUCT_NAME = "$(TARGET_NAME)";
				SUPPORTED_PLATFORMS = "iphoneos iphonesimulator";
				SUPPORTS_MACCATALYST = NO;
				SUPPORTS_MAC_DESIGNED_FOR_IPHONE_IPAD = NO;
				SUPPORTS_XR_DESIGNED_FOR_IPHONE_IPAD = NO;
				SWIFT_EMIT_LOC_STRINGS = YES;
				SWIFT_VERSION = 5.0;
				TARGETED_DEVICE_FAMILY = 1;
			};
			name = Debug;
		};
		07EB61362B94861600407959 /* Release */ = {
			isa = XCBuildConfiguration;
			buildSettings = {
				ASSETCATALOG_COMPILER_APPICON_NAME = AppIcon;
				ASSETCATALOG_COMPILER_GLOBAL_ACCENT_COLOR_NAME = AccentColor;
				CODE_SIGN_STYLE = Automatic;
				CURRENT_PROJECT_VERSION = 1;
				DEVELOPMENT_ASSET_PATHS = "\"TravelSchedule/Preview Content\"";
				DEVELOPMENT_TEAM = 6FKSY32YRW;
				ENABLE_PREVIEWS = YES;
				GENERATE_INFOPLIST_FILE = YES;
				INFOPLIST_KEY_UIApplicationSceneManifest_Generation = YES;
				INFOPLIST_KEY_UIApplicationSupportsIndirectInputEvents = YES;
				INFOPLIST_KEY_UILaunchScreen_Generation = YES;
				INFOPLIST_KEY_UISupportedInterfaceOrientations = UIInterfaceOrientationPortrait;
				INFOPLIST_KEY_UISupportedInterfaceOrientations_iPad = "UIInterfaceOrientationLandscapeLeft UIInterfaceOrientationLandscapeRight UIInterfaceOrientationPortrait UIInterfaceOrientationPortraitUpsideDown";
				IPHONEOS_DEPLOYMENT_TARGET = 15.0;
				LD_RUNPATH_SEARCH_PATHS = (
					"$(inherited)",
					"@executable_path/Frameworks",
				);
				MARKETING_VERSION = 1.0;
				PRODUCT_BUNDLE_IDENTIFIER = ru.d1mon227.TravelSchedule;
				PRODUCT_NAME = "$(TARGET_NAME)";
				SUPPORTED_PLATFORMS = "iphoneos iphonesimulator";
				SUPPORTS_MACCATALYST = NO;
				SUPPORTS_MAC_DESIGNED_FOR_IPHONE_IPAD = NO;
				SUPPORTS_XR_DESIGNED_FOR_IPHONE_IPAD = NO;
				SWIFT_EMIT_LOC_STRINGS = YES;
				SWIFT_VERSION = 5.0;
				TARGETED_DEVICE_FAMILY = 1;
			};
			name = Release;
		};
/* End XCBuildConfiguration section */

/* Begin XCConfigurationList section */
		07EB61212B94861400407959 /* Build configuration list for PBXProject "TravelSchedule" */ = {
			isa = XCConfigurationList;
			buildConfigurations = (
				07EB61322B94861600407959 /* Debug */,
				07EB61332B94861600407959 /* Release */,
			);
			defaultConfigurationIsVisible = 0;
			defaultConfigurationName = Release;
		};
		07EB61342B94861600407959 /* Build configuration list for PBXNativeTarget "TravelSchedule" */ = {
			isa = XCConfigurationList;
			buildConfigurations = (
				07EB61352B94861600407959 /* Debug */,
				07EB61362B94861600407959 /* Release */,
			);
			defaultConfigurationIsVisible = 0;
			defaultConfigurationName = Release;
		};
/* End XCConfigurationList section */

/* Begin XCRemoteSwiftPackageReference section */
		07493AC02BA5DBE6000281E7 /* XCRemoteSwiftPackageReference "swift-openapi-generator" */ = {
			isa = XCRemoteSwiftPackageReference;
			repositoryURL = "https://github.com/apple/swift-openapi-generator";
			requirement = {
				kind = upToNextMajorVersion;
				minimumVersion = 1.2.1;
			};
		};
		07493AD32BA5E7FC000281E7 /* XCRemoteSwiftPackageReference "swift-openapi-generator" */ = {
			isa = XCRemoteSwiftPackageReference;
			repositoryURL = "https://github.com/apple/swift-openapi-generator";
			requirement = {
				kind = upToNextMajorVersion;
				minimumVersion = 1.2.1;
			};
		};
		07493AD82BA5E808000281E7 /* XCRemoteSwiftPackageReference "swift-openapi-runtime" */ = {
			isa = XCRemoteSwiftPackageReference;
			repositoryURL = "https://github.com/apple/swift-openapi-runtime";
			requirement = {
				kind = upToNextMajorVersion;
				minimumVersion = 1.3.2;
			};
		};
		07493ADB2BA5E812000281E7 /* XCRemoteSwiftPackageReference "swift-openapi-urlsession" */ = {
			isa = XCRemoteSwiftPackageReference;
			repositoryURL = "https://github.com/apple/swift-openapi-urlsession";
			requirement = {
				kind = upToNextMajorVersion;
				minimumVersion = 1.0.1;
			};
		};
/* End XCRemoteSwiftPackageReference section */

/* Begin XCSwiftPackageProductDependency section */
		07493AC32BA5DBF3000281E7 /* OpenAPIGenerator */ = {
			isa = XCSwiftPackageProductDependency;
			package = 07493AC02BA5DBE6000281E7 /* XCRemoteSwiftPackageReference "swift-openapi-generator" */;
			productName = "plugin:OpenAPIGenerator";
		};
		07493AD92BA5E808000281E7 /* OpenAPIRuntime */ = {
			isa = XCSwiftPackageProductDependency;
			package = 07493AD82BA5E808000281E7 /* XCRemoteSwiftPackageReference "swift-openapi-runtime" */;
			productName = OpenAPIRuntime;
		};
		07493ADC2BA5E812000281E7 /* OpenAPIURLSession */ = {
			isa = XCSwiftPackageProductDependency;
			package = 07493ADB2BA5E812000281E7 /* XCRemoteSwiftPackageReference "swift-openapi-urlsession" */;
			productName = OpenAPIURLSession;
		};
/* End XCSwiftPackageProductDependency section */
	};
	rootObject = 07EB611E2B94861400407959 /* Project object */;
}
